
Microsoft Visual Studio Solution File, Format Version 12.00
# Visual Studio Version 17
VisualStudioVersion = 17.7.34018.315
MinimumVisualStudioVersion = 10.0.40219.1
Project("{FAE04EC0-301F-11D3-BF4B-00C04F79EFBC}") = "CURD_operation_win", "CURD_operation_win\CURD_operation_win.csproj", "{B5062153-A477-4A56-9B5F-8DD918CE05EC}"
EndProject
Global
	GlobalSection(SolutionConfigurationPlatforms) = preSolution
		Debug|Any CPU = Debug|Any CPU
		Release|Any CPU = Release|Any CPU
	EndGlobalSection
	GlobalSection(ProjectConfigurationPlatforms) = postSolution
		{B5062153-A477-4A56-9B5F-8DD918CE05EC}.Debug|Any CPU.ActiveCfg = Debug|Any CPU
		{B5062153-A477-4A56-9B5F-8DD918CE05EC}.Debug|Any CPU.Build.0 = Debug|Any CPU
		{B5062153-A477-4A56-9B5F-8DD918CE05EC}.Release|Any CPU.ActiveCfg = Release|Any CPU
		{B5062153-A477-4A56-9B5F-8DD918CE05EC}.Release|Any CPU.Build.0 = Release|Any CPU
	EndGlobalSection
	GlobalSection(SolutionProperties) = preSolution
		HideSolutionNode = FALSE
	EndGlobalSection
	GlobalSection(ExtensibilityGlobals) = postSolution
		SolutionGuid = {C4E70FF0-5E92-4F86-BA2C-137120136862}
	EndGlobalSection
EndGlobal
