
Microsoft Visual Studio Solution File, Format Version 12.00
# Visual Studio Version 17
VisualStudioVersion = 17.7.34018.315
MinimumVisualStudioVersion = 10.0.40219.1
Project("{FAE04EC0-301F-11D3-BF4B-00C04F79EFBC}") = "treeView1", "treeView1\treeView1.csproj", "{04496799-7939-4D1B-BFAE-8D636AB16ED8}"
EndProject
Global
	GlobalSection(SolutionConfigurationPlatforms) = preSolution
		Debug|Any CPU = Debug|Any CPU
		Release|Any CPU = Release|Any CPU
	EndGlobalSection
	GlobalSection(ProjectConfigurationPlatforms) = postSolution
		{04496799-7939-4D1B-BFAE-8D636AB16ED8}.Debug|Any CPU.ActiveCfg = Debug|Any CPU
		{04496799-7939-4D1B-BFAE-8D636AB16ED8}.Debug|Any CPU.Build.0 = Debug|Any CPU
		{04496799-7939-4D1B-BFAE-8D636AB16ED8}.Release|Any CPU.ActiveCfg = Release|Any CPU
		{04496799-7939-4D1B-BFAE-8D636AB16ED8}.Release|Any CPU.Build.0 = Release|Any CPU
	EndGlobalSection
	GlobalSection(SolutionProperties) = preSolution
		HideSolutionNode = FALSE
	EndGlobalSection
	GlobalSection(ExtensibilityGlobals) = postSolution
		SolutionGuid = {7483BECA-9CF0-4FF6-B56F-6330BE55D845}
	EndGlobalSection
EndGlobal
